
Microsoft Visual Studio Solution File, Format Version 12.00
# Visual Studio Version 17
VisualStudioVersion = 17.14.36121.58
MinimumVisualStudioVersion = 10.0.40219.1
Project("{FAE04EC0-301F-11D3-BF4B-00C04F79EFBC}") = "StarCut_WPF", "StarCut\StarCut_WPF.csproj", "{EC76B055-8C62-4EAC-93BA-18E3EAD11F7D}"
EndProject
Project("{FAE04EC0-301F-11D3-BF4B-00C04F79EFBC}") = "StarCut_Library", "StarCut_Library\StarCut_Library.csproj", "{2F8AE7BA-8B2D-4B08-A7C1-CA4CBD2A2A46}"
EndProject
Project("{FAE04EC0-301F-11D3-BF4B-00C04F79EFBC}") = "StarCut_API", "StarCut_API\StarCut_API.csproj", "{375E7D5A-690D-4BF2-BF8C-3FEC74CFCCD2}"
EndProject
Global
	GlobalSection(SolutionConfigurationPlatforms) = preSolution
		Debug|Any CPU = Debug|Any CPU
		Release|Any CPU = Release|Any CPU
	EndGlobalSection
	GlobalSection(ProjectConfigurationPlatforms) = postSolution
		{EC76B055-8C62-4EAC-93BA-18E3EAD11F7D}.Debug|Any CPU.ActiveCfg = Debug|Any CPU
		{EC76B055-8C62-4EAC-93BA-18E3EAD11F7D}.Debug|Any CPU.Build.0 = Debug|Any CPU
		{EC76B055-8C62-4EAC-93BA-18E3EAD11F7D}.Release|Any CPU.ActiveCfg = Release|Any CPU
		{EC76B055-8C62-4EAC-93BA-18E3EAD11F7D}.Release|Any CPU.Build.0 = Release|Any CPU
		{2F8AE7BA-8B2D-4B08-A7C1-CA4CBD2A2A46}.Debug|Any CPU.ActiveCfg = Debug|Any CPU
		{2F8AE7BA-8B2D-4B08-A7C1-CA4CBD2A2A46}.Debug|Any CPU.Build.0 = Debug|Any CPU
		{2F8AE7BA-8B2D-4B08-A7C1-CA4CBD2A2A46}.Release|Any CPU.ActiveCfg = Release|Any CPU
		{2F8AE7BA-8B2D-4B08-A7C1-CA4CBD2A2A46}.Release|Any CPU.Build.0 = Release|Any CPU
		{375E7D5A-690D-4BF2-BF8C-3FEC74CFCCD2}.Debug|Any CPU.ActiveCfg = Debug|Any CPU
		{375E7D5A-690D-4BF2-BF8C-3FEC74CFCCD2}.Debug|Any CPU.Build.0 = Debug|Any CPU
		{375E7D5A-690D-4BF2-BF8C-3FEC74CFCCD2}.Release|Any CPU.ActiveCfg = Release|Any CPU
		{375E7D5A-690D-4BF2-BF8C-3FEC74CFCCD2}.Release|Any CPU.Build.0 = Release|Any CPU
	EndGlobalSection
	GlobalSection(SolutionProperties) = preSolution
		HideSolutionNode = FALSE
	EndGlobalSection
	GlobalSection(ExtensibilityGlobals) = postSolution
		SolutionGuid = {E2163EEF-72BA-435C-A736-AD0B26467A59}
	EndGlobalSection
EndGlobal
