
Microsoft Visual Studio Solution File, Format Version 12.00
# Visual Studio Version 17
VisualStudioVersion = 17.14.36121.58 d17.14
MinimumVisualStudioVersion = 10.0.40219.1
Project("{FAE04EC0-301F-11D3-BF4B-00C04F79EFBC}") = "StarCut", "StarCut\StarCut.csproj", "{EC76B055-8C62-4EAC-93BA-18E3EAD11F7D}"
EndProject
Global
	GlobalSection(SolutionConfigurationPlatforms) = preSolution
		Debug|Any CPU = Debug|Any CPU
		Release|Any CPU = Release|Any CPU
	EndGlobalSection
	GlobalSection(ProjectConfigurationPlatforms) = postSolution
		{EC76B055-8C62-4EAC-93BA-18E3EAD11F7D}.Debug|Any CPU.ActiveCfg = Debug|Any CPU
		{EC76B055-8C62-4EAC-93BA-18E3EAD11F7D}.Debug|Any CPU.Build.0 = Debug|Any CPU
		{EC76B055-8C62-4EAC-93BA-18E3EAD11F7D}.Release|Any CPU.ActiveCfg = Release|Any CPU
		{EC76B055-8C62-4EAC-93BA-18E3EAD11F7D}.Release|Any CPU.Build.0 = Release|Any CPU
	EndGlobalSection
	GlobalSection(SolutionProperties) = preSolution
		HideSolutionNode = FALSE
	EndGlobalSection
	GlobalSection(ExtensibilityGlobals) = postSolution
		SolutionGuid = {E2163EEF-72BA-435C-A736-AD0B26467A59}
	EndGlobalSection
EndGlobal
